
Microsoft Visual Studio Solution File, Format Version 12.00
# Visual Studio Version 16
VisualStudioVersion = 16.0.30717.126
MinimumVisualStudioVersion = 10.0.40219.1
Project("{9A19103F-16F7-4668-BE54-9A1E7A4F7556}") = "TaskAPI", "TaskAPI\TaskAPI.csproj", "{0EF32157-3102-4ECE-AABA-EBA9DFE547E2}"
EndProject
Project("{FAE04EC0-301F-11D3-BF4B-00C04F79EFBC}") = "TaskAPI.Services", "TaskAPI.Services\TaskAPI.Services.csproj", "{2E94BBC1-3468-4E96-B4DD-91CE5FAAE6AF}"
EndProject
Project("{FAE04EC0-301F-11D3-BF4B-00C04F79EFBC}") = "TaskAPI.Models", "TaskAPI.Models\TaskAPI.Models.csproj", "{2BFA54BA-DE6B-408B-AE56-A210C05A8BA2}"
EndProject
Project("{FAE04EC0-301F-11D3-BF4B-00C04F79EFBC}") = "TaskAPI.DataAccess", "TaskAPI.DataAccess\TaskAPI.DataAccess.csproj", "{B05F1040-7D80-471E-A01E-FE7D5A2FA279}"
EndProject
Global
	GlobalSection(SolutionConfigurationPlatforms) = preSolution
		Debug|Any CPU = Debug|Any CPU
		Release|Any CPU = Release|Any CPU
	EndGlobalSection
	GlobalSection(ProjectConfigurationPlatforms) = postSolution
		{0EF32157-3102-4ECE-AABA-EBA9DFE547E2}.Debug|Any CPU.ActiveCfg = Debug|Any CPU
		{0EF32157-3102-4ECE-AABA-EBA9DFE547E2}.Debug|Any CPU.Build.0 = Debug|Any CPU
		{0EF32157-3102-4ECE-AABA-EBA9DFE547E2}.Release|Any CPU.ActiveCfg = Release|Any CPU
		{0EF32157-3102-4ECE-AABA-EBA9DFE547E2}.Release|Any CPU.Build.0 = Release|Any CPU
		{2E94BBC1-3468-4E96-B4DD-91CE5FAAE6AF}.Debug|Any CPU.ActiveCfg = Debug|Any CPU
		{2E94BBC1-3468-4E96-B4DD-91CE5FAAE6AF}.Debug|Any CPU.Build.0 = Debug|Any CPU
		{2E94BBC1-3468-4E96-B4DD-91CE5FAAE6AF}.Release|Any CPU.ActiveCfg = Release|Any CPU
		{2E94BBC1-3468-4E96-B4DD-91CE5FAAE6AF}.Release|Any CPU.Build.0 = Release|Any CPU
		{2BFA54BA-DE6B-408B-AE56-A210C05A8BA2}.Debug|Any CPU.ActiveCfg = Debug|Any CPU
		{2BFA54BA-DE6B-408B-AE56-A210C05A8BA2}.Debug|Any CPU.Build.0 = Debug|Any CPU
		{2BFA54BA-DE6B-408B-AE56-A210C05A8BA2}.Release|Any CPU.ActiveCfg = Release|Any CPU
		{2BFA54BA-DE6B-408B-AE56-A210C05A8BA2}.Release|Any CPU.Build.0 = Release|Any CPU
		{B05F1040-7D80-471E-A01E-FE7D5A2FA279}.Debug|Any CPU.ActiveCfg = Debug|Any CPU
		{B05F1040-7D80-471E-A01E-FE7D5A2FA279}.Debug|Any CPU.Build.0 = Debug|Any CPU
		{B05F1040-7D80-471E-A01E-FE7D5A2FA279}.Release|Any CPU.ActiveCfg = Release|Any CPU
		{B05F1040-7D80-471E-A01E-FE7D5A2FA279}.Release|Any CPU.Build.0 = Release|Any CPU
	EndGlobalSection
	GlobalSection(SolutionProperties) = preSolution
		HideSolutionNode = FALSE
	EndGlobalSection
	GlobalSection(ExtensibilityGlobals) = postSolution
		SolutionGuid = {81A9FD9C-080D-4C21-99E9-3A4A7AA4ED1A}
	EndGlobalSection
EndGlobal
